# This file is generated by running "yarn install" inside your project.
# Manual changes might be lost - proceed with caution!

__metadata:
  version: 4
  cacheKey: 5

"@babel/runtime@npm:^7.4.2, @babel/runtime@npm:^7.4.5, @babel/runtime@npm:^7.5.5, @babel/runtime@npm:^7.6.3, @babel/runtime@npm:^7.8.7":
  version: 7.11.2
  resolution: "@babel/runtime@npm:7.11.2"
  dependencies:
    regenerator-runtime: ^0.13.4
  checksum: 2f127ad60a0f0568faa0044e5b48329d8166c7fd3a0a3ce774070010a1c441ebf5570f526dd6bb26e214fb1a01bb987ab6a4c3f60a00f04d02448939f4c61e1e
  languageName: node
  linkType: hard

"@popperjs/core@npm:^2.0.0":
  version: 2.4.4
  resolution: "@popperjs/core@npm:2.4.4"
  checksum: 49a1e6cfa2ec5004c541b0a1bd7d523c8aa7d728aa26e05df10f0af8c1e6c0db7fb9ebc8bee6dbfcdc7ad422999d9bf7d8a1c2b07dff3292b7dfa61a63af8b49
  languageName: node
  linkType: hard

"@restart/context@npm:^2.1.4":
  version: 2.1.4
  resolution: "@restart/context@npm:2.1.4"
  peerDependencies:
    react: ">=16.3.2"
  checksum: f9dd1416c16988b5bd66d3306dedfc9b95665d3af2c5b88cd2040b0825dfcf778eb9bd992c6e810c62187f981a78ea34923fb582a023f896079634edb3b1bc2c
  languageName: node
  linkType: hard

"@restart/hooks@npm:^0.3.12, @restart/hooks@npm:^0.3.21":
  version: 0.3.25
  resolution: "@restart/hooks@npm:0.3.25"
  dependencies:
    lodash: ^4.17.15
    lodash-es: ^4.17.15
  peerDependencies:
    react: ^16.8.0
  checksum: 08aefc359f597f9def83454c182e40efef034ca6e0eac41d28e013d8a3940d354911f60f89e73bad72ac9aee1bff56e84d4b26b95d46877818b733483ed95cad
  languageName: node
  linkType: hard

"@types/classnames@npm:^2.2.10":
  version: 2.2.10
  resolution: "@types/classnames@npm:2.2.10"
  checksum: 31b6380183c2123c69f5e50b9e40c7da2862ddfe634361d906a6e300dacd716656ce95e508541d0ec300f71aeed57d30a7ea46f36e881c01eb2334843700fadc
  languageName: node
  linkType: hard

"@types/invariant@npm:^2.2.33":
  version: 2.2.33
  resolution: "@types/invariant@npm:2.2.33"
  checksum: ef8300fe00c2f5d4781ffa52af1624d18ccdfce7e87006da4ad38f2a84362cdf30bbf0489203464539efbb04a5083acb7f66bcd2e244315d1a6dcba7cb18336b
  languageName: node
  linkType: hard

"@types/prop-types@npm:*, @types/prop-types@npm:^15.7.3":
  version: 15.7.3
  resolution: "@types/prop-types@npm:15.7.3"
  checksum: bd0eab69d5120ad3784d0c9985f902653d5924707a7f2b3702a330e762dfd61b6494954cb54ad0c52b918ffd6f1e7e27c9270e4442bc15250de348596f2f60cb
  languageName: node
  linkType: hard

"@types/react-transition-group@npm:^4.4.0":
  version: 4.4.0
  resolution: "@types/react-transition-group@npm:4.4.0"
  dependencies:
    "@types/react": "*"
  checksum: b761f70623ca2a386a310536886e7ceed15087e59a3b6c68478c9965d38edd819c5b29e3fb79a5d911ee4b1db5ab397ae0ebb5a5ddf98f08708a6d592cb7c256
  languageName: node
  linkType: hard

"@types/react@npm:*, @types/react@npm:^16.9.11, @types/react@npm:^16.9.35":
  version: 16.9.46
  resolution: "@types/react@npm:16.9.46"
  dependencies:
    "@types/prop-types": "*"
    csstype: ^3.0.2
  checksum: ad8d07195dc483f9186dc7886bba15c39e6f9c29bbbd97e52a7a117016f07ac6f923b202749d40833bef62fe60f4af6847b82dcfa0c539495e541ad6d819e49a
  languageName: node
  linkType: hard

"@types/warning@npm:^3.0.0":
  version: 3.0.0
  resolution: "@types/warning@npm:3.0.0"
  checksum: cb7a16aa88641beceec53ce765274c1ba3a9136e3c7c53cafd769d5063ea96f8899332ce7031c6f374bd23b5713a9a733d42c369ebdb4b62daf9b7562700848c
  languageName: node
  linkType: hard

"accepts@npm:~1.3.7":
  version: 1.3.7
  resolution: "accepts@npm:1.3.7"
  dependencies:
    mime-types: ~2.1.24
    negotiator: 0.6.2
  checksum: 2686fa30dbc850db1bf458dc8171fba13c54ed6cb25f4298ec7c2f88b8dfc50351f25c40abe3a948e4ec7a0cc8ea83d1c55c2f73ffa612d18840a8778d4a2ee0
  languageName: node
  linkType: hard

"array-flatten@npm:1.1.1":
  version: 1.1.1
  resolution: "array-flatten@npm:1.1.1"
  checksum: de7a056451ff7891bb1bcda6ce2a50448ca70f63cd0fa7aa90430d288b6dc2931517b6853ce16c473a7f40fa6eaa874e20b6151616db93375471d1ffadfb1d3d
  languageName: node
  linkType: hard

"body-parser@npm:1.19.0":
  version: 1.19.0
  resolution: "body-parser@npm:1.19.0"
  dependencies:
    bytes: 3.1.0
    content-type: ~1.0.4
    debug: 2.6.9
    depd: ~1.1.2
    http-errors: 1.7.2
    iconv-lite: 0.4.24
    on-finished: ~2.3.0
    qs: 6.7.0
    raw-body: 2.4.0
    type-is: ~1.6.17
  checksum: 18c2a81df5eabc7e3541bc9ace394b88e6fbd390989b5e764ff34c3f9dbd097e19986c31baa9b855ec5c2cff2b79157449afb0cdfb97bb99c11d6239b2c47a34
  languageName: node
  linkType: hard

"bootstrap@npm:^4.5.2":
  version: 4.5.2
  resolution: "bootstrap@npm:4.5.2"
  peerDependencies:
    jquery: 1.9.1 - 3
    popper.js: ^1.16.1
  checksum: 980e7e4ebd1ba50b605a8f22e2b80cb024db23b5fb7790ff54bc3cd9345496610f36028fa14c78a50a50e1026a977aeaa60245211144f4fbf9d3eb3cd6949760
  languageName: node
  linkType: hard

"bytes@npm:3.1.0":
  version: 3.1.0
  resolution: "bytes@npm:3.1.0"
  checksum: c3f64645ef37922c8194fef88a052de2a28101882dfdf8a225493888c4941a26ea15164957e7492e5c5e3a8e98ee6276f4834efacb68e2d8ad4d91f903250b6c
  languageName: node
  linkType: hard

"classnames@npm:^2.2.6":
  version: 2.2.6
  resolution: "classnames@npm:2.2.6"
  checksum: 490eaeca5931846737ffd33e472a701d268d5b8bc5717dd4cf108a127b06e86e05350e06799abbbe763a0e4c945b4217f6700b7ae00ddc703505682c370e5cf2
  languageName: node
  linkType: hard

"content-disposition@npm:0.5.3":
  version: 0.5.3
  resolution: "content-disposition@npm:0.5.3"
  dependencies:
    safe-buffer: 5.1.2
  checksum: 8f1f235c0423be68023df7f5a3948601d859ce44ee94e1d0fa2a97383bd469e789320b6ddf6f31b3620605c75cf771522df11386f51aff401e5d51b6ccfde3e2
  languageName: node
  linkType: hard

"content-type@npm:~1.0.4":
  version: 1.0.4
  resolution: "content-type@npm:1.0.4"
  checksum: ff6e19cbf281c23d5608723a6dc60ac97e2280bd4d21602511283112321e6c1555895e395555e367672b54a0f1585276284b7c3c8be313aca73902ac2f2609fd
  languageName: node
  linkType: hard

"cookie-signature@npm:1.0.6":
  version: 1.0.6
  resolution: "cookie-signature@npm:1.0.6"
  checksum: 305054e102eebd0a483c63aefdc3abf54a9471bed5eb12be56c0dcf35a94110b8a13139b27751ab07a5ef09e9f4190ee67f71e9d3acf1748e6e2f1aed338c987
  languageName: node
  linkType: hard

"cookie@npm:0.4.0":
  version: 0.4.0
  resolution: "cookie@npm:0.4.0"
  checksum: 7aaef4b642c533600fdd001d963a507dfcd814267503374e51d9743475d024feeff8b0b4ddd0777a25791a2efbdfd8bc4a0fe0696104efa195e8f8584807d410
  languageName: node
  linkType: hard

"csstype@npm:^3.0.2":
  version: 3.0.2
  resolution: "csstype@npm:3.0.2"
  checksum: acf2852a3c5f5e1ed84e36526e41584e09353ee57b9bd93bf17f91bd2be60545adaf86c4439b84952d1f596149e06f9da6bb28c1d1ab883c9b2ad68e143e79f4
  languageName: node
  linkType: hard

"debug@npm:2.6.9":
  version: 2.6.9
  resolution: "debug@npm:2.6.9"
  dependencies:
    ms: 2.0.0
  checksum: 559f44f98cf25e2ee489022aec173afbff746564cb108c4493becb95bc3c017a67bdaa25a0ff64801fd32c35051d00af0e56cc7f762ae2c3bc089496e5a1c31b
  languageName: node
  linkType: hard

"depd@npm:~1.1.2":
  version: 1.1.2
  resolution: "depd@npm:1.1.2"
  checksum: f45566ff7019a346852f095768a380778ed544de24e103b479fd5d3e61982d670efbb5234c09d0588d7fdb09c26c48283d7150e4be5e6ce5d3d37cd268d75c4d
  languageName: node
  linkType: hard

"destroy@npm:~1.0.4":
  version: 1.0.4
  resolution: "destroy@npm:1.0.4"
  checksum: 5a516fc5a8a8089eecdac11da2339353542be7a71102dc5a1372ef6161501bf5c1ee59ff9f8a3f5f14cc8c88594d606f855f816d46a228ee5e0e5cb2b543534b
  languageName: node
  linkType: hard

"dom-helpers@npm:^5.0.1, dom-helpers@npm:^5.1.0, dom-helpers@npm:^5.1.2":
  version: 5.2.0
  resolution: "dom-helpers@npm:5.2.0"
  dependencies:
    "@babel/runtime": ^7.8.7
    csstype: ^3.0.2
  checksum: 9ef27628f4ccfdfa0537b35ecf3b9600f1656f9c66f57a1530b552a65b51f4466d44514f2cb87399a15feee3c51047a77760327971e9aabc64fe637efd319156
  languageName: node
  linkType: hard

"ee-first@npm:1.1.1":
  version: 1.1.1
  resolution: "ee-first@npm:1.1.1"
  checksum: ba74f91398e3ee3b6d665b2f0d13ad6530e89a7e64ec886a6eec0602fb8a5a274652960e21bd5d4b42fdeb9017d873ff872f50342d38779e955285977edb337c
  languageName: node
  linkType: hard

"encodeurl@npm:~1.0.2":
  version: 1.0.2
  resolution: "encodeurl@npm:1.0.2"
  checksum: 6ee5fcbcd245d2a2b6bd6fe36b80f91e31ab46e29192c50af00e8f860c0c2310ebbdaae40257878fdce90b42abcb3526895c7c3a2e229461ed1f0d0b5a020fc8
  languageName: node
  linkType: hard

"escape-html@npm:~1.0.3":
  version: 1.0.3
  resolution: "escape-html@npm:1.0.3"
  checksum: 900a7f2b80b9f89c85b7a303d1b7a4d354b93e328871414f165f13c5c209a80eab787e3a63429e596877def69fe4dcb3d1b55af655207a901a9ec99f7f148743
  languageName: node
  linkType: hard

"etag@npm:~1.8.1":
  version: 1.8.1
  resolution: "etag@npm:1.8.1"
  checksum: f18341a3c12a554ec46c0d4756bc9cae177e92f25a4ebd9ceefebf0ee448b675972fc110879f22b1bf514174713921ae5de9ff77af2062d422b1085588465a57
  languageName: node
  linkType: hard

"express@npm:^4.16.4":
  version: 4.17.1
  resolution: "express@npm:4.17.1"
  dependencies:
    accepts: ~1.3.7
    array-flatten: 1.1.1
    body-parser: 1.19.0
    content-disposition: 0.5.3
    content-type: ~1.0.4
    cookie: 0.4.0
    cookie-signature: 1.0.6
    debug: 2.6.9
    depd: ~1.1.2
    encodeurl: ~1.0.2
    escape-html: ~1.0.3
    etag: ~1.8.1
    finalhandler: ~1.1.2
    fresh: 0.5.2
    merge-descriptors: 1.0.1
    methods: ~1.1.2
    on-finished: ~2.3.0
    parseurl: ~1.3.3
    path-to-regexp: 0.1.7
    proxy-addr: ~2.0.5
    qs: 6.7.0
    range-parser: ~1.2.1
    safe-buffer: 5.1.2
    send: 0.17.1
    serve-static: 1.14.1
    setprototypeof: 1.1.1
    statuses: ~1.5.0
    type-is: ~1.6.18
    utils-merge: 1.0.1
    vary: ~1.1.2
  checksum: c4b470d623152c148e874b08d4afc35ea9498547c31a6ff6dae767ae11e3a59508a299732e9f45bfa2885685fbe2b75ca360862977798dfcec28ff2a4260eab2
  languageName: node
  linkType: hard

"finalhandler@npm:~1.1.2":
  version: 1.1.2
  resolution: "finalhandler@npm:1.1.2"
  dependencies:
    debug: 2.6.9
    encodeurl: ~1.0.2
    escape-html: ~1.0.3
    on-finished: ~2.3.0
    parseurl: ~1.3.3
    statuses: ~1.5.0
    unpipe: ~1.0.0
  checksum: f2e5b6bfe2201f13e74408530a7f354b7846ab3e648b3dde4f8ed3b773c8a743c16b0f378cb5113df7fef84c5be364bb1a3655f0a75571f163c982289fbd9671
  languageName: node
  linkType: hard

"forwarded@npm:~0.1.2":
  version: 0.1.2
  resolution: "forwarded@npm:0.1.2"
  checksum: 568d862ad1c514813fc62dc1bd58b8669b16d4ee2e634a6fc71f4849df798883ab94e63d8e1b35a17af51b2b39ca869e672c7310efe42fc7b9bad43a80b5ff87
  languageName: node
  linkType: hard

"fresh@npm:0.5.2":
  version: 0.5.2
  resolution: "fresh@npm:0.5.2"
  checksum: 2f76c8505d1ea5a6d5accea3e7aff0b796bfa43364c84929254f33909fa08640948bd1728220d1ff5f4c2b378a65e97da647f2fe0f2b7ddb44001f6e0dc2e91f
  languageName: node
  linkType: hard

"heroku-cra-node@workspace:.":
  version: 0.0.0-use.local
  resolution: "heroku-cra-node@workspace:."
  dependencies:
    bootstrap: ^4.5.2
    express: ^4.16.4
    react-bootstrap: ^1.3.0
  languageName: unknown
  linkType: soft

"http-errors@npm:1.7.2":
  version: 1.7.2
  resolution: "http-errors@npm:1.7.2"
  dependencies:
    depd: ~1.1.2
    inherits: 2.0.3
    setprototypeof: 1.1.1
    statuses: ">= 1.5.0 < 2"
    toidentifier: 1.0.0
  checksum: 8ce4a4af05a3652c81768a2754ced24b86ff62e7bee147a27b6ef8cde24e7a48f9fbfcb87ec6f67781879b95f1b35d3f8d6378e8555eb7d469ce875f4e184418
  languageName: node
  linkType: hard

"http-errors@npm:~1.7.2":
  version: 1.7.3
  resolution: "http-errors@npm:1.7.3"
  dependencies:
    depd: ~1.1.2
    inherits: 2.0.4
    setprototypeof: 1.1.1
    statuses: ">= 1.5.0 < 2"
    toidentifier: 1.0.0
  checksum: 563ae4a3f19c89029212922bade6ffcd0e4b7fa52e539f08c8f6941de7eaccb00bf76cb7692662192f2f0d567d4ac1f9d6a3d0ee70b166c8540cf791497f90ea
  languageName: node
  linkType: hard

"iconv-lite@npm:0.4.24":
  version: 0.4.24
  resolution: "iconv-lite@npm:0.4.24"
  dependencies:
    safer-buffer: ">= 2.1.2 < 3"
  checksum: a9b9521066ee81853a8561e92bd7240bc5d3b7d5ef7da807a475e7858b0246e318b6af518c30a20a8749ef5eafeaa9631079446e4e696c7b60f468b34dc2cbfc
  languageName: node
  linkType: hard

"inherits@npm:2.0.3":
  version: 2.0.3
  resolution: "inherits@npm:2.0.3"
  checksum: 9488f9433effbc24474f6baee8014e5337c7f99305ecb4204fa5864ae7655c24225780d87fc65ed8d3d374715a18c5dc8c69fe3bf9745cde2e7acd0ac068a07b
  languageName: node
  linkType: hard

"inherits@npm:2.0.4":
  version: 2.0.4
  resolution: "inherits@npm:2.0.4"
  checksum: 98426da247ddfc3dcd7d7daedd90c3ca32d5b08deca08949726f12d49232aef94772a07b36cf4ff833e105ae2ef931777f6de4a6dd8245a216b9299ad4a50bea
  languageName: node
  linkType: hard

"invariant@npm:^2.2.4":
  version: 2.2.4
  resolution: "invariant@npm:2.2.4"
  dependencies:
    loose-envify: ^1.0.0
  checksum: 96d8a2a4f0ad21020c5847546fc36bec5c0870d99f071aaa93df00c1036439d48211a1823ab6128f78a15ccc4c4f62baf6a65f6c0ed489270dd44d0a04f443a1
  languageName: node
  linkType: hard

"ipaddr.js@npm:1.9.1":
  version: 1.9.1
  resolution: "ipaddr.js@npm:1.9.1"
  checksum: de15bc7e63973d960abc43c9fbbf19589c726774f59d157d1b29382a1e86ae87c68cbd8b5c78a1712a87fc4fcd91e10762c7671950c66a1a19040ff4fd2f9c9b
  languageName: node
  linkType: hard

"js-tokens@npm:^3.0.0 || ^4.0.0":
  version: 3.0.2
  resolution: "js-tokens@npm:3.0.2"
  checksum: 81e634d5a909ba8294758ddca47a0c0cfee90e84cc14973c072a3a27456b387ed8def0f24aff7074c02c3ba47531f4ad8b58320f5f5c4216ef46257de5350568
  languageName: node
  linkType: hard

"lodash-es@npm:^4.17.15":
  version: 4.17.15
  resolution: "lodash-es@npm:4.17.15"
  checksum: ee2871b76deefd1754527e659a8c8b688f2e427e67b30709296878e18ad9cb54b4f0fc16a7161298156b4e0ebc2a37dfe501a3ea8725f195763f9de8a7ba6da6
  languageName: node
  linkType: hard

"lodash@npm:^4.17.15":
  version: 4.17.20
  resolution: "lodash@npm:4.17.20"
  checksum: c62101d2500c383b5f174a7e9e6fe8098149ddd6e9ccfa85f36d4789446195f5c4afd3cfba433026bcaf3da271256566b04a2bf2618e5a39f6e67f8c12030cb6
  languageName: node
  linkType: hard

"loose-envify@npm:^1.0.0, loose-envify@npm:^1.4.0":
  version: 1.4.0
  resolution: "loose-envify@npm:1.4.0"
  dependencies:
    js-tokens: ^3.0.0 || ^4.0.0
  bin:
    loose-envify: cli.js
  checksum: 5c3b47bbe5f597a3889fb001a3a98aaea2a3fafa48089c19034de1e0121bf57dbee609d184478514d74d5c5a7e9cfa3d846343455e5123b060040d46c39e91dc
  languageName: node
  linkType: hard

"media-typer@npm:0.3.0":
  version: 0.3.0
  resolution: "media-typer@npm:0.3.0"
  checksum: be1c825782df7f38eebd451d778f6407bb15a59c8807a69e7f2ad74a25440e474536441c6bf583fdf2803ea23b866e91ff68f565cda297211dd89147758c8df3
  languageName: node
  linkType: hard

"merge-descriptors@npm:1.0.1":
  version: 1.0.1
  resolution: "merge-descriptors@npm:1.0.1"
  checksum: 2d2a09eaac840a7ceac7a13b44b7c8abf3ecccd93a609c3525d8290cb5d814336cc7c0b1dd485ae3bc471ed354eeefb153475ce2e1604ccdf79eebe74021c192
  languageName: node
  linkType: hard

"methods@npm:~1.1.2":
  version: 1.1.2
  resolution: "methods@npm:1.1.2"
  checksum: 450e4ea0fd4a0f3de8c0593d753c7d6c8f2ee49766f5ef35c68cc2ac41699d5e295b7d6330fc2b7271b8569a07857e3eb0b5df0599a353c5808265b4b5066168
  languageName: node
  linkType: hard

"mime-db@npm:1.44.0":
  version: 1.44.0
  resolution: "mime-db@npm:1.44.0"
  checksum: b4e3b2141418572fba9786f7e36324faef15e23032ad0871f56760cb304ee721ba4c8cc795d3c1cac69a2a8b94045c1d6b08c4a8d1ef6ba1226a3a5193915c57
  languageName: node
  linkType: hard

"mime-types@npm:~2.1.24":
  version: 2.1.27
  resolution: "mime-types@npm:2.1.27"
  dependencies:
    mime-db: 1.44.0
  checksum: 51fe2f2c08c10ac7a2f67e2ce5de30f6500faa88d095418a1ab6e90e30960db7c682a8ecce60d3d4e293ac52c4700ca99399833db998ea9ec83d6f0503b70a94
  languageName: node
  linkType: hard

"mime@npm:1.6.0":
  version: 1.6.0
  resolution: "mime@npm:1.6.0"
  bin:
    mime: cli.js
  checksum: d540c24dd3e3a9e25e813714e55ff2f7841a3a1a47aed9786c508bd0251653d5e9abbfb1163c0c6e1be99f872d7fa1538c068bd6e306e9cb12dd9affa841a61e
  languageName: node
  linkType: hard

"ms@npm:2.0.0":
  version: 2.0.0
  resolution: "ms@npm:2.0.0"
  checksum: 1a230340cc7f322fbe916783d8c8d60455407c6b7fb7f901d6ee34eb272402302c5c7f070a97b8531245cbb4ca6a0a623f6a128d7e5a5440cefa2c669c0b35bb
  languageName: node
  linkType: hard

"ms@npm:2.1.1":
  version: 2.1.1
  resolution: "ms@npm:2.1.1"
  checksum: 81ad38c74df2473ce9fbed8bb71a00220c3d9e237ebd576306c9f6ca3221b251d602c7d199808944be1a3d7cda5883e72c77adb473734ba30f6e032165e05ebc
  languageName: node
  linkType: hard

"negotiator@npm:0.6.2":
  version: 0.6.2
  resolution: "negotiator@npm:0.6.2"
  checksum: 4b230bd15f0862d16c54ce0243fcfcf835ad59c8e58c467b4504dd28c9868cff71ff485b02cc575dc69dca819b58a1fadc9fb28403f45721f38a8fffde007d54
  languageName: node
  linkType: hard

"object-assign@npm:^4.1.1":
  version: 4.1.1
  resolution: "object-assign@npm:4.1.1"
  checksum: 66cf021898fc1b13ea573ea8635fbd5a76533f50cecbc2fcd5eee1e8029af41bcebe7023788b6d0e06cbe4401ecea075d972f78ec74467cdc571a0f1a4d1a081
  languageName: node
  linkType: hard

"on-finished@npm:~2.3.0":
  version: 2.3.0
  resolution: "on-finished@npm:2.3.0"
  dependencies:
    ee-first: 1.1.1
  checksum: 362e64608287d31ffd96a15fb9305a410b3e4d07c86f277fae907e38af46bc6f5ff948de90eabb81dc5632ca7f9a290085acc5410c378053dfa9860451d97ee5
  languageName: node
  linkType: hard

"parseurl@npm:~1.3.3":
  version: 1.3.3
  resolution: "parseurl@npm:1.3.3"
  checksum: 52c9e86cb58e38b28f1a50a6354d16648974ab7a2b91b209f97102840471de8adf524427774af6d5bc482fb7c0a6af6ba08ab37de9a1a7ae389ebe074015914b
  languageName: node
  linkType: hard

"path-to-regexp@npm:0.1.7":
  version: 0.1.7
  resolution: "path-to-regexp@npm:0.1.7"
  checksum: 342fdb0ca48415d6eccdbe6d4180fd0fa4786ccc96ab3f74fcdf7acfc99e075af25e6077c8086c341dcfb4f5f84401ecd21e6cd7b24e0c3b556fb7ffb2570da7
  languageName: node
  linkType: hard

"prop-types-extra@npm:^1.1.0":
  version: 1.1.1
  resolution: "prop-types-extra@npm:1.1.1"
  dependencies:
    react-is: ^16.3.2
    warning: ^4.0.0
  peerDependencies:
    react: ">=0.14.0"
  checksum: f1f1cc23b95423615da6ab3ad5726a228011c64612fc77cb773a507437d34543d16758d5ec54fa987611c85e7de6fc4f44e8d3fcec9e343fa5578bca8a09378a
  languageName: node
  linkType: hard

"prop-types@npm:^15.6.2, prop-types@npm:^15.7.2":
  version: 15.7.2
  resolution: "prop-types@npm:15.7.2"
  dependencies:
    loose-envify: ^1.4.0
    object-assign: ^4.1.1
    react-is: ^16.8.1
  checksum: a440dd406c5cf53bf39f3e898d2c65178511d34ca3c8c789b30c177992408b9e4273969726b274719aa69ccce5ab34b2fd8caa60b90f23cd2e910cdcf682de52
  languageName: node
  linkType: hard

"proxy-addr@npm:~2.0.5":
  version: 2.0.6
  resolution: "proxy-addr@npm:2.0.6"
  dependencies:
    forwarded: ~0.1.2
    ipaddr.js: 1.9.1
  checksum: a7dcfd70258cdc3b73c5dc4a35c73db9857f3bf4cf5e6404380e8ea558f8c5569147e721a01195d00b450e36b4dde727fc9d22fdea14310ba38faa595530cd58
  languageName: node
  linkType: hard

"qs@npm:6.7.0":
  version: 6.7.0
  resolution: "qs@npm:6.7.0"
  checksum: 8590470436ff0a75ae35e6b45fd7260e2beb537ff8ec1104f9703a349b09ce1aa27e8e1c06b9ad25ac62fc098e12cc65df93042a233128a0276ccd6de4c7819a
  languageName: node
  linkType: hard

"range-parser@npm:~1.2.1":
  version: 1.2.1
  resolution: "range-parser@npm:1.2.1"
  checksum: 05074f5b23dbdc24acdae9821dd684fbc9c0d770cdaa4469ab529d8e0fc1338aa33561a4c7c14a1f9bdcb3b5e9a3770e5a80318258a72289a7ef05fcda72a707
  languageName: node
  linkType: hard

"raw-body@npm:2.4.0":
  version: 2.4.0
  resolution: "raw-body@npm:2.4.0"
  dependencies:
    bytes: 3.1.0
    http-errors: 1.7.2
    iconv-lite: 0.4.24
    unpipe: 1.0.0
  checksum: 46dc02f8b4f358786d41e18fb55533fbe4702d390e22bbe2b9c98c88dec41cab23ea2315f3ae0bf4bc0213a2872c89943d3df6857f4e21f996ea9d2d92f1bcaa
  languageName: node
  linkType: hard

"react-bootstrap@npm:^1.3.0":
  version: 1.3.0
  resolution: "react-bootstrap@npm:1.3.0"
  dependencies:
    "@babel/runtime": ^7.4.2
    "@restart/context": ^2.1.4
    "@restart/hooks": ^0.3.21
    "@types/classnames": ^2.2.10
    "@types/invariant": ^2.2.33
    "@types/prop-types": ^15.7.3
    "@types/react": ^16.9.35
    "@types/react-transition-group": ^4.4.0
    "@types/warning": ^3.0.0
    classnames: ^2.2.6
    dom-helpers: ^5.1.2
    invariant: ^2.2.4
    prop-types: ^15.7.2
    prop-types-extra: ^1.1.0
    react-overlays: ^4.1.0
    react-transition-group: ^4.4.1
    uncontrollable: ^7.0.0
    warning: ^4.0.3
  peerDependencies:
    react: ">=16.8.0"
    react-dom: ">=16.8.0"
  checksum: f9dc21c00db84134bf1c80f247ec88c27cfecae2f6a787d210b5cbf8684fdc71f2efaf3255b74df0e9755006880d446539de93b0a0acffc601c1a160a96850b9
  languageName: node
  linkType: hard

"react-is@npm:^16.3.2, react-is@npm:^16.8.1":
  version: 16.13.1
  resolution: "react-is@npm:16.13.1"
  checksum: 11bcf1267a314a522615f626f3ce3727a3a24cdbf61c4d452add3550a7875326669631326cfb1ba3e92b6f72244c32ffecf93ad21c0cad8455d3e169d0e3f060
  languageName: node
  linkType: hard

"react-lifecycles-compat@npm:^3.0.4":
  version: 3.0.4
  resolution: "react-lifecycles-compat@npm:3.0.4"
  checksum: 82176a55ef7526414d770d5e07dc1d28b4c7f20281f22c6f53f3a98df9dbbb5d70c94bebee57b4ea8ccc2eee430b907ca7b564a42fbdd0ed21e7c43bfee35404
  languageName: node
  linkType: hard

"react-overlays@npm:^4.1.0":
  version: 4.1.0
  resolution: "react-overlays@npm:4.1.0"
  dependencies:
    "@babel/runtime": ^7.4.5
    "@popperjs/core": ^2.0.0
    "@restart/hooks": ^0.3.12
    "@types/warning": ^3.0.0
    dom-helpers: ^5.1.0
    prop-types: ^15.7.2
    uncontrollable: ^7.0.0
    warning: ^4.0.3
  peerDependencies:
    react: ">=16.3.0"
    react-dom: ">=16.3.0"
  checksum: 64d46694be7969885c8aa60b671b2a5e9e2fa30431efdd554f12793bc730d045a084a3e245f65e61cb5bcf94884e16f850fa3e870438b463f914556455ac1261
  languageName: node
  linkType: hard

"react-transition-group@npm:^4.4.1":
  version: 4.4.1
  resolution: "react-transition-group@npm:4.4.1"
  dependencies:
    "@babel/runtime": ^7.5.5
    dom-helpers: ^5.0.1
    loose-envify: ^1.4.0
    prop-types: ^15.6.2
  peerDependencies:
    react: ">=16.6.0"
    react-dom: ">=16.6.0"
  checksum: e14446123f820e804335c64be5270333c29e8cfaa43dfc33387e132c5d521cf4a0a7c2408058a147b254ae82a6569f373394d83e977ef340d6937bc2f4ff7d6c
  languageName: node
  linkType: hard

"regenerator-runtime@npm:^0.13.4":
  version: 0.13.7
  resolution: "regenerator-runtime@npm:0.13.7"
  checksum: 6ef567c662088b1b292214920cbd72443059298d477f72e1a37e0a113bafbfac9057cbfe35ae617284effc4b423493326a78561bbff7b04162c7949bdb9624e8
  languageName: node
  linkType: hard

"safe-buffer@npm:5.1.2":
  version: 5.1.2
  resolution: "safe-buffer@npm:5.1.2"
  checksum: 2708587c1b5e70a5e420714ceb59f30f5791c6e831d39812125a008eca63a4ac18578abd020a0776ea497ff03b4543f2b2a223a7b9073bf2d6c7af9ec6829218
  languageName: node
  linkType: hard

"safer-buffer@npm:>= 2.1.2 < 3":
  version: 2.1.2
  resolution: "safer-buffer@npm:2.1.2"
  checksum: 549ba83f5b314b59898efe3422120ce1ca7987a6eae5925a5fa5db930dc414d4a9dde0a5594f89638cd6ea60b6840ea961872908933ac2428d1726489db46fa5
  languageName: node
  linkType: hard

"send@npm:0.17.1":
  version: 0.17.1
  resolution: "send@npm:0.17.1"
  dependencies:
    debug: 2.6.9
    depd: ~1.1.2
    destroy: ~1.0.4
    encodeurl: ~1.0.2
    escape-html: ~1.0.3
    etag: ~1.8.1
    fresh: 0.5.2
    http-errors: ~1.7.2
    mime: 1.6.0
    ms: 2.1.1
    on-finished: ~2.3.0
    range-parser: ~1.2.1
    statuses: ~1.5.0
  checksum: 58e4ab2e07e8dfb206ca954a9b85f4e367aba0e4d59ce4c9c96a82034385b67f25d33ad526fdb69d635744bbe4d8afea06e2c0348d7d32920e3489d86dc3ec6f
  languageName: node
  linkType: hard

"serve-static@npm:1.14.1":
  version: 1.14.1
  resolution: "serve-static@npm:1.14.1"
  dependencies:
    encodeurl: ~1.0.2
    escape-html: ~1.0.3
    parseurl: ~1.3.3
    send: 0.17.1
  checksum: 97e8c94ec02950d019000ca12a8e0b4fdeaaabb7ae965c1c05557b55b48114716ae92688972a8d9f06a5e2d5957c305253a859ec223bb39a1e0732366d0e2768
  languageName: node
  linkType: hard

"setprototypeof@npm:1.1.1":
  version: 1.1.1
  resolution: "setprototypeof@npm:1.1.1"
  checksum: 0efed4da5aec7535828ac07c3b560f0a54257a4a7d5390ffabe5530a083974aef577651507974215edb92a51efa142f22fb3242e24d630ba6adcbfc9e7f1ff2b
  languageName: node
  linkType: hard

"statuses@npm:>= 1.5.0 < 2, statuses@npm:~1.5.0":
  version: 1.5.0
  resolution: "statuses@npm:1.5.0"
  checksum: 57735269bf231176a60deb80f6d60214cb4a87663b0937e79497afe9aebe2597f8377fd28893f4d1776205f18dd0b927774a26b72051411ac5108e9e2dfc77d2
  languageName: node
  linkType: hard

"toidentifier@npm:1.0.0":
  version: 1.0.0
  resolution: "toidentifier@npm:1.0.0"
  checksum: 95720e8a0f98f1525f50ccbecbc2a23f0a1b4e448de03819dbbeda03adf0d2010fe64525fbc9d549765242550d341bb891672e4ac0b2cac58613cdd742324255
  languageName: node
  linkType: hard

"type-is@npm:~1.6.17, type-is@npm:~1.6.18":
  version: 1.6.18
  resolution: "type-is@npm:1.6.18"
  dependencies:
    media-typer: 0.3.0
    mime-types: ~2.1.24
  checksum: 20a3514f1d835c979237995129d1f8c564325301e3a8f1c732bcbe1d7fa0ca1f65994e41a79e9030d79f31e5459bb9be5c377848fcb477cb3049a661b3713d74
  languageName: node
  linkType: hard

"uncontrollable@npm:^7.0.0":
  version: 7.1.1
  resolution: "uncontrollable@npm:7.1.1"
  dependencies:
    "@babel/runtime": ^7.6.3
    "@types/react": ^16.9.11
    invariant: ^2.2.4
    react-lifecycles-compat: ^3.0.4
  peerDependencies:
    react: ">=15.0.0"
  checksum: 208d397c41bb8293e884dc615dfeb1163c14d470e4a677e9afb695ce8cc339bbe8cafb1e8e6c8d20d3b826621bacf07906ce65fee9667b8e5f1f08f42bf9e3d7
  languageName: node
  linkType: hard

"unpipe@npm:1.0.0, unpipe@npm:~1.0.0":
  version: 1.0.0
  resolution: "unpipe@npm:1.0.0"
  checksum: ba244e8bf640475b2143af95be5d71353cd4d238d63abf5dfe700c67841f066eb0819fc60dee7f2348ef647a5644a06ba024b9a0ab6d399fc07a05eb72a30ac7
  languageName: node
  linkType: hard

"utils-merge@npm:1.0.1":
  version: 1.0.1
  resolution: "utils-merge@npm:1.0.1"
  checksum: a457956ebc09efbda05da8bf213ab89140bb9dffa3c42b3315dd8fc3c45d67a1b802741f58b7bba4872113201fc275fc86470289d8bd32b74297b5e5b5980705
  languageName: node
  linkType: hard

"vary@npm:~1.1.2":
  version: 1.1.2
  resolution: "vary@npm:1.1.2"
  checksum: 591f059f727ac1ba0d97cb7767f8583a03fcbb07db7be2b7dce838ede520ec0e958a41cb19077054769077fdc49a9b9a2dc391c83426bfee89c054b8cc7404bf
  languageName: node
  linkType: hard

"warning@npm:^4.0.0, warning@npm:^4.0.3":
  version: 4.0.3
  resolution: "warning@npm:4.0.3"
  dependencies:
    loose-envify: ^1.0.0
  checksum: 20ef5d29ff9c20af3060e504914a00d5a90ce346e75e6691efbedb540481cdc82070c966d75195f812de64bb0bd7f1b02315fcb52469db151c0f15e29002781c
  languageName: node
  linkType: hard
